
Microsoft Visual Studio Solution File, Format Version 12.00
# Visual Studio Version 17
VisualStudioVersion = 17.7.34031.279
MinimumVisualStudioVersion = 10.0.40219.1
Project("{FAE04EC0-301F-11D3-BF4B-00C04F79EFBC}") = "userRegistration", "userRegistration\userRegistration.csproj", "{457A65E3-F012-4930-81E8-B2C30FFB5F93}"
EndProject
Global
	GlobalSection(SolutionConfigurationPlatforms) = preSolution
		Debug|Any CPU = Debug|Any CPU
		Release|Any CPU = Release|Any CPU
	EndGlobalSection
	GlobalSection(ProjectConfigurationPlatforms) = postSolution
		{457A65E3-F012-4930-81E8-B2C30FFB5F93}.Debug|Any CPU.ActiveCfg = Debug|Any CPU
		{457A65E3-F012-4930-81E8-B2C30FFB5F93}.Debug|Any CPU.Build.0 = Debug|Any CPU
		{457A65E3-F012-4930-81E8-B2C30FFB5F93}.Release|Any CPU.ActiveCfg = Release|Any CPU
		{457A65E3-F012-4930-81E8-B2C30FFB5F93}.Release|Any CPU.Build.0 = Release|Any CPU
	EndGlobalSection
	GlobalSection(SolutionProperties) = preSolution
		HideSolutionNode = FALSE
	EndGlobalSection
	GlobalSection(ExtensibilityGlobals) = postSolution
		SolutionGuid = {58E015CA-4809-44C2-8458-ABBEC04B0570}
	EndGlobalSection
EndGlobal
